// !$*UTF8*$!
{
	archiveVersion = 1;
	classes = {
	};
	objectVersion = 50;
	objects = {

/* Begin PBXBuildFile section */
		6D132F8E24D8F6F100149D67 /* AppDelegate.swift in Sources */ = {isa = PBXBuildFile; fileRef = 6D132F8D24D8F6F100149D67 /* AppDelegate.swift */; };
		6D132F9024D8F6F100149D67 /* SceneDelegate.swift in Sources */ = {isa = PBXBuildFile; fileRef = 6D132F8F24D8F6F100149D67 /* SceneDelegate.swift */; };
		6D132F9224D8F6F100149D67 /* MapViewController.swift in Sources */ = {isa = PBXBuildFile; fileRef = 6D132F9124D8F6F100149D67 /* MapViewController.swift */; };
		6D132F9524D8F6F100149D67 /* Main.storyboard in Resources */ = {isa = PBXBuildFile; fileRef = 6D132F9324D8F6F100149D67 /* Main.storyboard */; };
		6D132F9724D8F6F500149D67 /* Assets.xcassets in Resources */ = {isa = PBXBuildFile; fileRef = 6D132F9624D8F6F500149D67 /* Assets.xcassets */; };
		6D132F9A24D8F6F500149D67 /* LaunchScreen.storyboard in Resources */ = {isa = PBXBuildFile; fileRef = 6D132F9824D8F6F500149D67 /* LaunchScreen.storyboard */; };
		6DA32C4024DB1C7B00E43ADF /* MapView.swift in Sources */ = {isa = PBXBuildFile; fileRef = 6DA32C3F24DB1C7B00E43ADF /* MapView.swift */; };
		6DF5197A24DB050A009907DC /* OptionOverlay.swift in Sources */ = {isa = PBXBuildFile; fileRef = 6DF5197924DB050A009907DC /* OptionOverlay.swift */; };
/* End PBXBuildFile section */

/* Begin PBXFileReference section */
		6D132F8A24D8F6F100149D67 /* FindMy.app */ = {isa = PBXFileReference; explicitFileType = wrapper.application; includeInIndex = 0; path = FindMy.app; sourceTree = BUILT_PRODUCTS_DIR; };
		6D132F8D24D8F6F100149D67 /* AppDelegate.swift */ = {isa = PBXFileReference; lastKnownFileType = sourcecode.swift; path = AppDelegate.swift; sourceTree = "<group>"; };
		6D132F8F24D8F6F100149D67 /* SceneDelegate.swift */ = {isa = PBXFileReference; lastKnownFileType = sourcecode.swift; path = SceneDelegate.swift; sourceTree = "<group>"; };
		6D132F9124D8F6F100149D67 /* MapViewController.swift */ = {isa = PBXFileReference; lastKnownFileType = sourcecode.swift; path = MapViewController.swift; sourceTree = "<group>"; };
		6D132F9424D8F6F100149D67 /* Base */ = {isa = PBXFileReference; lastKnownFileType = file.storyboard; name = Base; path = Base.lproj/Main.storyboard; sourceTree = "<group>"; };
		6D132F9624D8F6F500149D67 /* Assets.xcassets */ = {isa = PBXFileReference; lastKnownFileType = folder.assetcatalog; path = Assets.xcassets; sourceTree = "<group>"; };
		6D132F9924D8F6F500149D67 /* Base */ = {isa = PBXFileReference; lastKnownFileType = file.storyboard; name = Base; path = Base.lproj/LaunchScreen.storyboard; sourceTree = "<group>"; };
		6D132F9B24D8F6F500149D67 /* Info.plist */ = {isa = PBXFileReference; lastKnownFileType = text.plist.xml; path = Info.plist; sourceTree = "<group>"; };
		6DA32C3F24DB1C7B00E43ADF /* MapView.swift */ = {isa = PBXFileReference; lastKnownFileType = sourcecode.swift; path = MapView.swift; sourceTree = "<group>"; };
		6DF5197924DB050A009907DC /* OptionOverlay.swift */ = {isa = PBXFileReference; lastKnownFileType = sourcecode.swift; path = OptionOverlay.swift; sourceTree = "<group>"; };
/* End PBXFileReference section */

/* Begin PBXFrameworksBuildPhase section */
		6D132F8724D8F6F100149D67 /* Frameworks */ = {
			isa = PBXFrameworksBuildPhase;
			buildActionMask = 2147483647;
			files = (
			);
			runOnlyForDeploymentPostprocessing = 0;
		};
/* End PBXFrameworksBuildPhase section */

/* Begin PBXGroup section */
		6D132F8124D8F6F100149D67 = {
			isa = PBXGroup;
			children = (
				6D132F8C24D8F6F100149D67 /* FindMy */,
				6D132F8B24D8F6F100149D67 /* Products */,
			);
			sourceTree = "<group>";
		};
		6D132F8B24D8F6F100149D67 /* Products */ = {
			isa = PBXGroup;
			children = (
				6D132F8A24D8F6F100149D67 /* FindMy.app */,
			);
			name = Products;
			sourceTree = "<group>";
		};
		6D132F8C24D8F6F100149D67 /* FindMy */ = {
			isa = PBXGroup;
			children = (
				6DF5197824DB04F7009907DC /* Views */,
				6DF5197724DB04EC009907DC /* ViewControllers  */,
				6D132F8D24D8F6F100149D67 /* AppDelegate.swift */,
				6D132F8F24D8F6F100149D67 /* SceneDelegate.swift */,
				6D132F9324D8F6F100149D67 /* Main.storyboard */,
				6D132F9624D8F6F500149D67 /* Assets.xcassets */,
				6D132F9824D8F6F500149D67 /* LaunchScreen.storyboard */,
				6D132F9B24D8F6F500149D67 /* Info.plist */,
			);
			path = FindMy;
			sourceTree = "<group>";
		};
		6DF5197724DB04EC009907DC /* ViewControllers  */ = {
			isa = PBXGroup;
			children = (
				6D132F9124D8F6F100149D67 /* MapViewController.swift */,
			);
			path = "ViewControllers ";
			sourceTree = "<group>";
		};
		6DF5197824DB04F7009907DC /* Views */ = {
			isa = PBXGroup;
			children = (
				6DF5197924DB050A009907DC /* OptionOverlay.swift */,
				6DA32C3F24DB1C7B00E43ADF /* MapView.swift */,
			);
			path = Views;
			sourceTree = "<group>";
		};
/* End PBXGroup section */

/* Begin PBXNativeTarget section */
		6D132F8924D8F6F100149D67 /* FindMy */ = {
			isa = PBXNativeTarget;
			buildConfigurationList = 6D132F9E24D8F6F500149D67 /* Build configuration list for PBXNativeTarget "FindMy" */;
			buildPhases = (
				6D132F8624D8F6F100149D67 /* Sources */,
				6D132F8724D8F6F100149D67 /* Frameworks */,
				6D132F8824D8F6F100149D67 /* Resources */,
			);
			buildRules = (
			);
			dependencies = (
			);
			name = FindMy;
			productName = FindMy;
			productReference = 6D132F8A24D8F6F100149D67 /* FindMy.app */;
			productType = "com.apple.product-type.application";
		};
/* End PBXNativeTarget section */

/* Begin PBXProject section */
		6D132F8224D8F6F100149D67 /* Project object */ = {
			isa = PBXProject;
			attributes = {
				LastSwiftUpdateCheck = 1200;
				LastUpgradeCheck = 1200;
				TargetAttributes = {
					6D132F8924D8F6F100149D67 = {
						CreatedOnToolsVersion = 12.0;
					};
				};
			};
			buildConfigurationList = 6D132F8524D8F6F100149D67 /* Build configuration list for PBXProject "FindMy" */;
			compatibilityVersion = "Xcode 9.3";
			developmentRegion = en;
			hasScannedForEncodings = 0;
			knownRegions = (
				en,
				Base,
			);
			mainGroup = 6D132F8124D8F6F100149D67;
			productRefGroup = 6D132F8B24D8F6F100149D67 /* Products */;
			projectDirPath = "";
			projectRoot = "";
			targets = (
				6D132F8924D8F6F100149D67 /* FindMy */,
			);
		};
/* End PBXProject section */

/* Begin PBXResourcesBuildPhase section */
		6D132F8824D8F6F100149D67 /* Resources */ = {
			isa = PBXResourcesBuildPhase;
			buildActionMask = 2147483647;
			files = (
				6D132F9A24D8F6F500149D67 /* LaunchScreen.storyboard in Resources */,
				6D132F9724D8F6F500149D67 /* Assets.xcassets in Resources */,
				6D132F9524D8F6F100149D67 /* Main.storyboard in Resources */,
			);
			runOnlyForDeploymentPostprocessing = 0;
		};
/* End PBXResourcesBuildPhase section */

/* Begin PBXSourcesBuildPhase section */
		6D132F8624D8F6F100149D67 /* Sources */ = {
			isa = PBXSourcesBuildPhase;
			buildActionMask = 2147483647;
			files = (
				6D132F9224D8F6F100149D67 /* MapViewController.swift in Sources */,
				6DF5197A24DB050A009907DC /* OptionOverlay.swift in Sources */,
				6DA32C4024DB1C7B00E43ADF /* MapView.swift in Sources */,
				6D132F8E24D8F6F100149D67 /* AppDelegate.swift in Sources */,
				6D132F9024D8F6F100149D67 /* SceneDelegate.swift in Sources */,
			);
			runOnlyForDeploymentPostprocessing = 0;
		};
/* End PBXSourcesBuildPhase section */

/* Begin PBXVariantGroup section */
		6D132F9324D8F6F100149D67 /* Main.storyboard */ = {
			isa = PBXVariantGroup;
			children = (
				6D132F9424D8F6F100149D67 /* Base */,
			);
			name = Main.storyboard;
			sourceTree = "<group>";
		};
		6D132F9824D8F6F500149D67 /* LaunchScreen.storyboard */ = {
			isa = PBXVariantGroup;
			children = (
				6D132F9924D8F6F500149D67 /* Base */,
			);
			name = LaunchScreen.storyboard;
			sourceTree = "<group>";
		};
/* End PBXVariantGroup section */

/* Begin XCBuildConfiguration section */
		6D132F9C24D8F6F500149D67 /* Debug */ = {
			isa = XCBuildConfiguration;
			buildSettings = {
				ALWAYS_SEARCH_USER_PATHS = NO;
				CLANG_ANALYZER_NONNULL = YES;
				CLANG_ANALYZER_NUMBER_OBJECT_CONVERSION = YES_AGGRESSIVE;
				CLANG_CXX_LANGUAGE_STANDARD = "gnu++14";
				CLANG_CXX_LIBRARY = "libc++";
				CLANG_ENABLE_MODULES = YES;
				CLANG_ENABLE_OBJC_ARC = YES;
				CLANG_ENABLE_OBJC_WEAK = YES;
				CLANG_WARN_BLOCK_CAPTURE_AUTORELEASING = YES;
				CLANG_WARN_BOOL_CONVERSION = YES;
				CLANG_WARN_COMMA = YES;
				CLANG_WARN_CONSTANT_CONVERSION = YES;
				CLANG_WARN_DEPRECATED_OBJC_IMPLEMENTATIONS = YES;
				CLANG_WARN_DIRECT_OBJC_ISA_USAGE = YES_ERROR;
				CLANG_WARN_DOCUMENTATION_COMMENTS = YES;
				CLANG_WARN_EMPTY_BODY = YES;
				CLANG_WARN_ENUM_CONVERSION = YES;
				CLANG_WARN_INFINITE_RECURSION = YES;
				CLANG_WARN_INT_CONVERSION = YES;
				CLANG_WARN_NON_LITERAL_NULL_CONVERSION = YES;
				CLANG_WARN_OBJC_IMPLICIT_RETAIN_SELF = YES;
				CLANG_WARN_OBJC_LITERAL_CONVERSION = YES;
				CLANG_WARN_OBJC_ROOT_CLASS = YES_ERROR;
				CLANG_WARN_QUOTED_INCLUDE_IN_FRAMEWORK_HEADER = YES;
				CLANG_WARN_RANGE_LOOP_ANALYSIS = YES;
				CLANG_WARN_STRICT_PROTOTYPES = YES;
				CLANG_WARN_SUSPICIOUS_MOVE = YES;
				CLANG_WARN_UNGUARDED_AVAILABILITY = YES_AGGRESSIVE;
				CLANG_WARN_UNREACHABLE_CODE = YES;
				CLANG_WARN__DUPLICATE_METHOD_MATCH = YES;
				COPY_PHASE_STRIP = NO;
				DEBUG_INFORMATION_FORMAT = dwarf;
				ENABLE_STRICT_OBJC_MSGSEND = YES;
				ENABLE_TESTABILITY = YES;
				GCC_C_LANGUAGE_STANDARD = gnu11;
				GCC_DYNAMIC_NO_PIC = NO;
				GCC_NO_COMMON_BLOCKS = YES;
				GCC_OPTIMIZATION_LEVEL = 0;
				GCC_PREPROCESSOR_DEFINITIONS = (
					"DEBUG=1",
					"$(inherited)",
				);
				GCC_WARN_64_TO_32_BIT_CONVERSION = YES;
				GCC_WARN_ABOUT_RETURN_TYPE = YES_ERROR;
				GCC_WARN_UNDECLARED_SELECTOR = YES;
				GCC_WARN_UNINITIALIZED_AUTOS = YES_AGGRESSIVE;
				GCC_WARN_UNUSED_FUNCTION = YES;
				GCC_WARN_UNUSED_VARIABLE = YES;
				IPHONEOS_DEPLOYMENT_TARGET = 14.0;
				MTL_ENABLE_DEBUG_INFO = INCLUDE_SOURCE;
				MTL_FAST_MATH = YES;
				ONLY_ACTIVE_ARCH = YES;
				SDKROOT = iphoneos;
				SWIFT_ACTIVE_COMPILATION_CONDITIONS = DEBUG;
				SWIFT_OPTIMIZATION_LEVEL = "-Onone";
			};
			name = Debug;
		};
		6D132F9D24D8F6F500149D67 /* Release */ = {
			isa = XCBuildConfiguration;
			buildSettings = {
				ALWAYS_SEARCH_USER_PATHS = NO;
				CLANG_ANALYZER_NONNULL = YES;
				CLANG_ANALYZER_NUMBER_OBJECT_CONVERSION = YES_AGGRESSIVE;
				CLANG_CXX_LANGUAGE_STANDARD = "gnu++14";
				CLANG_CXX_LIBRARY = "libc++";
				CLANG_ENABLE_MODULES = YES;
				CLANG_ENABLE_OBJC_ARC = YES;
				CLANG_ENABLE_OBJC_WEAK = YES;
				CLANG_WARN_BLOCK_CAPTURE_AUTORELEASING = YES;
				CLANG_WARN_BOOL_CONVERSION = YES;
				CLANG_WARN_COMMA = YES;
				CLANG_WARN_CONSTANT_CONVERSION = YES;
				CLANG_WARN_DEPRECATED_OBJC_IMPLEMENTATIONS = YES;
				CLANG_WARN_DIRECT_OBJC_ISA_USAGE = YES_ERROR;
				CLANG_WARN_DOCUMENTATION_COMMENTS = YES;
				CLANG_WARN_EMPTY_BODY = YES;
				CLANG_WARN_ENUM_CONVERSION = YES;
				CLANG_WARN_INFINITE_RECURSION = YES;
				CLANG_WARN_INT_CONVERSION = YES;
				CLANG_WARN_NON_LITERAL_NULL_CONVERSION = YES;
				CLANG_WARN_OBJC_IMPLICIT_RETAIN_SELF = YES;
				CLANG_WARN_OBJC_LITERAL_CONVERSION = YES;
				CLANG_WARN_OBJC_ROOT_CLASS = YES_ERROR;
				CLANG_WARN_QUOTED_INCLUDE_IN_FRAMEWORK_HEADER = YES;
				CLANG_WARN_RANGE_LOOP_ANALYSIS = YES;
				CLANG_WARN_STRICT_PROTOTYPES = YES;
				CLANG_WARN_SUSPICIOUS_MOVE = YES;
				CLANG_WARN_UNGUARDED_AVAILABILITY = YES_AGGRESSIVE;
				CLANG_WARN_UNREACHABLE_CODE = YES;
				CLANG_WARN__DUPLICATE_METHOD_MATCH = YES;
				COPY_PHASE_STRIP = NO;
				DEBUG_INFORMATION_FORMAT = "dwarf-with-dsym";
				ENABLE_NS_ASSERTIONS = NO;
				ENABLE_STRICT_OBJC_MSGSEND = YES;
				GCC_C_LANGUAGE_STANDARD = gnu11;
				GCC_NO_COMMON_BLOCKS = YES;
				GCC_WARN_64_TO_32_BIT_CONVERSION = YES;
				GCC_WARN_ABOUT_RETURN_TYPE = YES_ERROR;
				GCC_WARN_UNDECLARED_SELECTOR = YES;
				GCC_WARN_UNINITIALIZED_AUTOS = YES_AGGRESSIVE;
				GCC_WARN_UNUSED_FUNCTION = YES;
				GCC_WARN_UNUSED_VARIABLE = YES;
				IPHONEOS_DEPLOYMENT_TARGET = 14.0;
				MTL_ENABLE_DEBUG_INFO = NO;
				MTL_FAST_MATH = YES;
				SDKROOT = iphoneos;
				SWIFT_COMPILATION_MODE = wholemodule;
				SWIFT_OPTIMIZATION_LEVEL = "-O";
				VALIDATE_PRODUCT = YES;
			};
			name = Release;
		};
		6D132F9F24D8F6F500149D67 /* Debug */ = {
			isa = XCBuildConfiguration;
			buildSettings = {
				ASSETCATALOG_COMPILER_APPICON_NAME = AppIcon;
				ASSETCATALOG_COMPILER_GLOBAL_ACCENT_COLOR_NAME = AccentColor;
				CODE_SIGN_STYLE = Automatic;
				DEVELOPMENT_TEAM = GF728A45JE;
				INFOPLIST_FILE = FindMy/Info.plist;
				LD_RUNPATH_SEARCH_PATHS = (
					"$(inherited)",
					"@executable_path/Frameworks",
				);
				PRODUCT_BUNDLE_IDENTIFIER = kurbs.com.FindMy;
				PRODUCT_NAME = "$(TARGET_NAME)";
				SWIFT_VERSION = 5.0;
				TARGETED_DEVICE_FAMILY = "1,2";
			};
			name = Debug;
		};
		6D132FA024D8F6F500149D67 /* Release */ = {
			isa = XCBuildConfiguration;
			buildSettings = {
				ASSETCATALOG_COMPILER_APPICON_NAME = AppIcon;
				ASSETCATALOG_COMPILER_GLOBAL_ACCENT_COLOR_NAME = AccentColor;
				CODE_SIGN_STYLE = Automatic;
				DEVELOPMENT_TEAM = GF728A45JE;
				INFOPLIST_FILE = FindMy/Info.plist;
				LD_RUNPATH_SEARCH_PATHS = (
					"$(inherited)",
					"@executable_path/Frameworks",
				);
				PRODUCT_BUNDLE_IDENTIFIER = kurbs.com.FindMy;
				PRODUCT_NAME = "$(TARGET_NAME)";
				SWIFT_VERSION = 5.0;
				TARGETED_DEVICE_FAMILY = "1,2";
			};
			name = Release;
		};
/* End XCBuildConfiguration section */

/* Begin XCConfigurationList section */
		6D132F8524D8F6F100149D67 /* Build configuration list for PBXProject "FindMy" */ = {
			isa = XCConfigurationList;
			buildConfigurations = (
				6D132F9C24D8F6F500149D67 /* Debug */,
				6D132F9D24D8F6F500149D67 /* Release */,
			);
			defaultConfigurationIsVisible = 0;
			defaultConfigurationName = Release;
		};
		6D132F9E24D8F6F500149D67 /* Build configuration list for PBXNativeTarget "FindMy" */ = {
			isa = XCConfigurationList;
			buildConfigurations = (
				6D132F9F24D8F6F500149D67 /* Debug */,
				6D132FA024D8F6F500149D67 /* Release */,
			);
			defaultConfigurationIsVisible = 0;
			defaultConfigurationName = Release;
		};
/* End XCConfigurationList section */
	};
	rootObject = 6D132F8224D8F6F100149D67 /* Project object */;
}
